{
  "requires": true,
  "lockfileVersion": 1,
  "dependencies": {
    "motivational_strings": {
      "version": "1.0.0",
      "resolved": "https://registry.npmjs.org/motivational_strings/-/motivational_strings-1.0.0.tgz",
      "integrity": "sha512-3l5gstiZ/7Jtn3qrFQK7WtfV4pKxp85ylCQ3sA+nF2j3xkm+vycj8HjzNQ8arCws2/+uwtNXBQ76Z7QS+Pu1Vg=="
    }
  }
}
